
Microsoft Visual Studio Solution File, Format Version 12.00
# Visual Studio Version 17
VisualStudioVersion = 17.8.34309.116
MinimumVisualStudioVersion = 10.0.40219.1
Project("{FAE04EC0-301F-11D3-BF4B-00C04F79EFBC}") = "POS-MEDKB", "POS-MEDKB.csproj", "{953F3E71-C536-4C4B-9EDE-C7B97715743D}"
EndProject
Global
	GlobalSection(SolutionConfigurationPlatforms) = preSolution
		Debug|Any CPU = Debug|Any CPU
		Release|Any CPU = Release|Any CPU
	EndGlobalSection
	GlobalSection(ProjectConfigurationPlatforms) = postSolution
		{953F3E71-C536-4C4B-9EDE-C7B97715743D}.Debug|Any CPU.ActiveCfg = Debug|Any CPU
		{953F3E71-C536-4C4B-9EDE-C7B97715743D}.Debug|Any CPU.Build.0 = Debug|Any CPU
		{953F3E71-C536-4C4B-9EDE-C7B97715743D}.Release|Any CPU.ActiveCfg = Release|Any CPU
		{953F3E71-C536-4C4B-9EDE-C7B97715743D}.Release|Any CPU.Build.0 = Release|Any CPU
	EndGlobalSection
	GlobalSection(SolutionProperties) = preSolution
		HideSolutionNode = FALSE
	EndGlobalSection
	GlobalSection(ExtensibilityGlobals) = postSolution
		SolutionGuid = {B6219DCE-37A3-4EA5-94D5-4782B7EF4804}
	EndGlobalSection
EndGlobal
